// !$*UTF8*$!
{
	archiveVersion = 1;
	classes = {
	};
	objectVersion = 50;
	objects = {

/* Begin PBXBuildFile section */
		51039FC921533AFC00FBF04E /* LogCellModelFactory.swift in Sources */ = {isa = PBXBuildFile; fileRef = 51039FC821533AFC00FBF04E /* LogCellModelFactory.swift */; };
		51039FCD21533BB800FBF04E /* LogCellModelFactoryTests.swift in Sources */ = {isa = PBXBuildFile; fileRef = 51039FCC21533BB800FBF04E /* LogCellModelFactoryTests.swift */; };
		515844D6214F474100DE5D94 /* AppDelegate.swift in Sources */ = {isa = PBXBuildFile; fileRef = 515844D5214F474100DE5D94 /* AppDelegate.swift */; };
		515844D8214F474100DE5D94 /* ViewController.swift in Sources */ = {isa = PBXBuildFile; fileRef = 515844D7214F474100DE5D94 /* ViewController.swift */; };
		515844DB214F474100DE5D94 /* Main.storyboard in Resources */ = {isa = PBXBuildFile; fileRef = 515844D9214F474100DE5D94 /* Main.storyboard */; };
		515844DE214F474100DE5D94 /* UnkoFeelings.xcdatamodeld in Sources */ = {isa = PBXBuildFile; fileRef = 515844DC214F474100DE5D94 /* UnkoFeelings.xcdatamodeld */; };
		515844E0214F474300DE5D94 /* Assets.xcassets in Resources */ = {isa = PBXBuildFile; fileRef = 515844DF214F474300DE5D94 /* Assets.xcassets */; };
		515844E3214F474300DE5D94 /* LaunchScreen.storyboard in Resources */ = {isa = PBXBuildFile; fileRef = 515844E1214F474300DE5D94 /* LaunchScreen.storyboard */; };
		515844EE214F474400DE5D94 /* UnkoFeelingsTests.swift in Sources */ = {isa = PBXBuildFile; fileRef = 515844ED214F474400DE5D94 /* UnkoFeelingsTests.swift */; };
		515844F9214F474400DE5D94 /* UnkoFeelingsUITests.swift in Sources */ = {isa = PBXBuildFile; fileRef = 515844F8214F474400DE5D94 /* UnkoFeelingsUITests.swift */; };
		51584547214F845700DE5D94 /* InputViewController.swift in Sources */ = {isa = PBXBuildFile; fileRef = 51584546214F845700DE5D94 /* InputViewController.swift */; };
		51584549214F849000DE5D94 /* LogViewController.swift in Sources */ = {isa = PBXBuildFile; fileRef = 51584548214F849000DE5D94 /* LogViewController.swift */; };
		5158454B214F855A00DE5D94 /* Log.storyboard in Resources */ = {isa = PBXBuildFile; fileRef = 5158454A214F855A00DE5D94 /* Log.storyboard */; };
		5158454D214F85EB00DE5D94 /* Input.storyboard in Resources */ = {isa = PBXBuildFile; fileRef = 5158454C214F85EB00DE5D94 /* Input.storyboard */; };
		51584555214FBD1C00DE5D94 /* Feeling.swift in Sources */ = {isa = PBXBuildFile; fileRef = 51584554214FBD1C00DE5D94 /* Feeling.swift */; };
		51584557214FBDF900DE5D94 /* FeelingCondition.swift in Sources */ = {isa = PBXBuildFile; fileRef = 51584556214FBDF900DE5D94 /* FeelingCondition.swift */; };
		51584559214FD48D00DE5D94 /* FeelingTests.swift in Sources */ = {isa = PBXBuildFile; fileRef = 51584558214FD48D00DE5D94 /* FeelingTests.swift */; };
		5158455D214FE29800DE5D94 /* FeelingRepository.swift in Sources */ = {isa = PBXBuildFile; fileRef = 5158455C214FE29800DE5D94 /* FeelingRepository.swift */; };
		5158455F214FE49000DE5D94 /* MemoryFeelingRepository.swift in Sources */ = {isa = PBXBuildFile; fileRef = 5158455E214FE49000DE5D94 /* MemoryFeelingRepository.swift */; };
		51584561214FE8BA00DE5D94 /* FeelingTimeline.swift in Sources */ = {isa = PBXBuildFile; fileRef = 51584560214FE8BA00DE5D94 /* FeelingTimeline.swift */; };
		51584565214FF19B00DE5D94 /* FeelingTimelineTests.swift in Sources */ = {isa = PBXBuildFile; fileRef = 51584564214FF19B00DE5D94 /* FeelingTimelineTests.swift */; };
		515845672150EC6B00DE5D94 /* InputViewModel.swift in Sources */ = {isa = PBXBuildFile; fileRef = 515845662150EC6B00DE5D94 /* InputViewModel.swift */; };
		5158456B2151096D00DE5D94 /* InputViewModelTests.swift in Sources */ = {isa = PBXBuildFile; fileRef = 5158456A2151096D00DE5D94 /* InputViewModelTests.swift */; };
		5158457321511AD400DE5D94 /* LogCell.xib in Resources */ = {isa = PBXBuildFile; fileRef = 5158457121511AD400DE5D94 /* LogCell.xib */; };
		515845752151200500DE5D94 /* LogCellModel.swift in Sources */ = {isa = PBXBuildFile; fileRef = 515845742151200500DE5D94 /* LogCellModel.swift */; };
		515845782151207B00DE5D94 /* ViewUtil.swift in Sources */ = {isa = PBXBuildFile; fileRef = 515845772151207B00DE5D94 /* ViewUtil.swift */; };
		515C9B742153FB9C005ACD95 /* LogCellModelTests.swift in Sources */ = {isa = PBXBuildFile; fileRef = 515C9B732153FB9C005ACD95 /* LogCellModelTests.swift */; };
		5174F71B215127AD00BDB119 /* LogCell.swift in Sources */ = {isa = PBXBuildFile; fileRef = 5174F71A215127AD00BDB119 /* LogCell.swift */; };
		5174F71D2152494400BDB119 /* DeviceService.swift in Sources */ = {isa = PBXBuildFile; fileRef = 5174F71C2152494400BDB119 /* DeviceService.swift */; };
		5174F7212152742B00BDB119 /* FeelingEntity.swift in Sources */ = {isa = PBXBuildFile; fileRef = 5174F7202152742B00BDB119 /* FeelingEntity.swift */; };
		51E2614F21537E4B004F4995 /* UniqueIDGenerator.swift in Sources */ = {isa = PBXBuildFile; fileRef = 51E2614E21537E4B004F4995 /* UniqueIDGenerator.swift */; };
		51E261512153822D004F4995 /* FeelingEntityTests.swift in Sources */ = {isa = PBXBuildFile; fileRef = 51E261502153822D004F4995 /* FeelingEntityTests.swift */; };
		51E2615321538E51004F4995 /* DocumentsFeelingRepository.swift in Sources */ = {isa = PBXBuildFile; fileRef = 51E2615221538E51004F4995 /* DocumentsFeelingRepository.swift */; };
		51E2615521538EFA004F4995 /* DocumentsFeelingRepositoryTests.swift in Sources */ = {isa = PBXBuildFile; fileRef = 51E2615421538EFA004F4995 /* DocumentsFeelingRepositoryTests.swift */; };
		51E261592153DCFA004F4995 /* Weak.swift in Sources */ = {isa = PBXBuildFile; fileRef = 51E261582153DCFA004F4995 /* Weak.swift */; };
		51E2615B2153E846004F4995 /* DelegateContainerTests.swift in Sources */ = {isa = PBXBuildFile; fileRef = 51E2615A2153E846004F4995 /* DelegateContainerTests.swift */; };
/* End PBXBuildFile section */

/* Begin PBXContainerItemProxy section */
		515844EA214F474400DE5D94 /* PBXContainerItemProxy */ = {
			isa = PBXContainerItemProxy;
			containerPortal = 515844CA214F474100DE5D94 /* Project object */;
			proxyType = 1;
			remoteGlobalIDString = 515844D1214F474100DE5D94;
			remoteInfo = UnkoFeelings;
		};
		515844F5214F474400DE5D94 /* PBXContainerItemProxy */ = {
			isa = PBXContainerItemProxy;
			containerPortal = 515844CA214F474100DE5D94 /* Project object */;
			proxyType = 1;
			remoteGlobalIDString = 515844D1214F474100DE5D94;
			remoteInfo = UnkoFeelings;
		};
/* End PBXContainerItemProxy section */

/* Begin PBXFileReference section */
		51039FC821533AFC00FBF04E /* LogCellModelFactory.swift */ = {isa = PBXFileReference; lastKnownFileType = sourcecode.swift; path = LogCellModelFactory.swift; sourceTree = "<group>"; };
		51039FCC21533BB800FBF04E /* LogCellModelFactoryTests.swift */ = {isa = PBXFileReference; lastKnownFileType = sourcecode.swift; path = LogCellModelFactoryTests.swift; sourceTree = "<group>"; };
		515844D2214F474100DE5D94 /* UnkoFeelings.app */ = {isa = PBXFileReference; explicitFileType = wrapper.application; includeInIndex = 0; path = UnkoFeelings.app; sourceTree = BUILT_PRODUCTS_DIR; };
		515844D5214F474100DE5D94 /* AppDelegate.swift */ = {isa = PBXFileReference; lastKnownFileType = sourcecode.swift; path = AppDelegate.swift; sourceTree = "<group>"; };
		515844D7214F474100DE5D94 /* ViewController.swift */ = {isa = PBXFileReference; lastKnownFileType = sourcecode.swift; path = ViewController.swift; sourceTree = "<group>"; };
		515844DA214F474100DE5D94 /* Base */ = {isa = PBXFileReference; lastKnownFileType = file.storyboard; name = Base; path = Base.lproj/Main.storyboard; sourceTree = "<group>"; };
		515844DD214F474100DE5D94 /* UnkoFeelings.xcdatamodel */ = {isa = PBXFileReference; lastKnownFileType = wrapper.xcdatamodel; path = UnkoFeelings.xcdatamodel; sourceTree = "<group>"; };
		515844DF214F474300DE5D94 /* Assets.xcassets */ = {isa = PBXFileReference; lastKnownFileType = folder.assetcatalog; path = Assets.xcassets; sourceTree = "<group>"; };
		515844E2214F474300DE5D94 /* Base */ = {isa = PBXFileReference; lastKnownFileType = file.storyboard; name = Base; path = Base.lproj/LaunchScreen.storyboard; sourceTree = "<group>"; };
		515844E4214F474300DE5D94 /* Info.plist */ = {isa = PBXFileReference; lastKnownFileType = text.plist.xml; path = Info.plist; sourceTree = "<group>"; };
		515844E9214F474400DE5D94 /* UnkoFeelingsTests.xctest */ = {isa = PBXFileReference; explicitFileType = wrapper.cfbundle; includeInIndex = 0; path = UnkoFeelingsTests.xctest; sourceTree = BUILT_PRODUCTS_DIR; };
		515844ED214F474400DE5D94 /* UnkoFeelingsTests.swift */ = {isa = PBXFileReference; lastKnownFileType = sourcecode.swift; path = UnkoFeelingsTests.swift; sourceTree = "<group>"; };
		515844EF214F474400DE5D94 /* Info.plist */ = {isa = PBXFileReference; lastKnownFileType = text.plist.xml; path = Info.plist; sourceTree = "<group>"; };
		515844F4214F474400DE5D94 /* UnkoFeelingsUITests.xctest */ = {isa = PBXFileReference; explicitFileType = wrapper.cfbundle; includeInIndex = 0; path = UnkoFeelingsUITests.xctest; sourceTree = BUILT_PRODUCTS_DIR; };
		515844F8214F474400DE5D94 /* UnkoFeelingsUITests.swift */ = {isa = PBXFileReference; lastKnownFileType = sourcecode.swift; path = UnkoFeelingsUITests.swift; sourceTree = "<group>"; };
		515844FA214F474400DE5D94 /* Info.plist */ = {isa = PBXFileReference; lastKnownFileType = text.plist.xml; path = Info.plist; sourceTree = "<group>"; };
		51584546214F845700DE5D94 /* InputViewController.swift */ = {isa = PBXFileReference; lastKnownFileType = sourcecode.swift; path = InputViewController.swift; sourceTree = "<group>"; };
		51584548214F849000DE5D94 /* LogViewController.swift */ = {isa = PBXFileReference; lastKnownFileType = sourcecode.swift; path = LogViewController.swift; sourceTree = "<group>"; };
		5158454A214F855A00DE5D94 /* Log.storyboard */ = {isa = PBXFileReference; lastKnownFileType = file.storyboard; path = Log.storyboard; sourceTree = "<group>"; };
		5158454C214F85EB00DE5D94 /* Input.storyboard */ = {isa = PBXFileReference; lastKnownFileType = file.storyboard; path = Input.storyboard; sourceTree = "<group>"; };
		51584554214FBD1C00DE5D94 /* Feeling.swift */ = {isa = PBXFileReference; lastKnownFileType = sourcecode.swift; path = Feeling.swift; sourceTree = "<group>"; };
		51584556214FBDF900DE5D94 /* FeelingCondition.swift */ = {isa = PBXFileReference; lastKnownFileType = sourcecode.swift; path = FeelingCondition.swift; sourceTree = "<group>"; };
		51584558214FD48D00DE5D94 /* FeelingTests.swift */ = {isa = PBXFileReference; lastKnownFileType = sourcecode.swift; path = FeelingTests.swift; sourceTree = "<group>"; };
		5158455C214FE29800DE5D94 /* FeelingRepository.swift */ = {isa = PBXFileReference; lastKnownFileType = sourcecode.swift; path = FeelingRepository.swift; sourceTree = "<group>"; };
		5158455E214FE49000DE5D94 /* MemoryFeelingRepository.swift */ = {isa = PBXFileReference; lastKnownFileType = sourcecode.swift; path = MemoryFeelingRepository.swift; sourceTree = "<group>"; };
		51584560214FE8BA00DE5D94 /* FeelingTimeline.swift */ = {isa = PBXFileReference; lastKnownFileType = sourcecode.swift; path = FeelingTimeline.swift; sourceTree = "<group>"; };
		51584564214FF19B00DE5D94 /* FeelingTimelineTests.swift */ = {isa = PBXFileReference; lastKnownFileType = sourcecode.swift; path = FeelingTimelineTests.swift; sourceTree = "<group>"; };
		515845662150EC6B00DE5D94 /* InputViewModel.swift */ = {isa = PBXFileReference; lastKnownFileType = sourcecode.swift; path = InputViewModel.swift; sourceTree = "<group>"; };
		5158456A2151096D00DE5D94 /* InputViewModelTests.swift */ = {isa = PBXFileReference; lastKnownFileType = sourcecode.swift; path = InputViewModelTests.swift; sourceTree = "<group>"; };
		5158457121511AD400DE5D94 /* LogCell.xib */ = {isa = PBXFileReference; lastKnownFileType = file.xib; path = LogCell.xib; sourceTree = "<group>"; };
		515845742151200500DE5D94 /* LogCellModel.swift */ = {isa = PBXFileReference; lastKnownFileType = sourcecode.swift; path = LogCellModel.swift; sourceTree = "<group>"; };
		515845772151207B00DE5D94 /* ViewUtil.swift */ = {isa = PBXFileReference; lastKnownFileType = sourcecode.swift; path = ViewUtil.swift; sourceTree = "<group>"; };
		515C9B732153FB9C005ACD95 /* LogCellModelTests.swift */ = {isa = PBXFileReference; lastKnownFileType = sourcecode.swift; path = LogCellModelTests.swift; sourceTree = "<group>"; };
		5174F71A215127AD00BDB119 /* LogCell.swift */ = {isa = PBXFileReference; lastKnownFileType = sourcecode.swift; path = LogCell.swift; sourceTree = "<group>"; };
		5174F71C2152494400BDB119 /* DeviceService.swift */ = {isa = PBXFileReference; lastKnownFileType = sourcecode.swift; path = DeviceService.swift; sourceTree = "<group>"; };
		5174F7202152742B00BDB119 /* FeelingEntity.swift */ = {isa = PBXFileReference; fileEncoding = 4; lastKnownFileType = sourcecode.swift; path = FeelingEntity.swift; sourceTree = "<group>"; };
		51E2614E21537E4B004F4995 /* UniqueIDGenerator.swift */ = {isa = PBXFileReference; lastKnownFileType = sourcecode.swift; path = UniqueIDGenerator.swift; sourceTree = "<group>"; };
		51E261502153822D004F4995 /* FeelingEntityTests.swift */ = {isa = PBXFileReference; lastKnownFileType = sourcecode.swift; path = FeelingEntityTests.swift; sourceTree = "<group>"; };
		51E2615221538E51004F4995 /* DocumentsFeelingRepository.swift */ = {isa = PBXFileReference; lastKnownFileType = sourcecode.swift; path = DocumentsFeelingRepository.swift; sourceTree = "<group>"; };
		51E2615421538EFA004F4995 /* DocumentsFeelingRepositoryTests.swift */ = {isa = PBXFileReference; lastKnownFileType = sourcecode.swift; path = DocumentsFeelingRepositoryTests.swift; sourceTree = "<group>"; };
		51E261582153DCFA004F4995 /* Weak.swift */ = {isa = PBXFileReference; lastKnownFileType = sourcecode.swift; path = Weak.swift; sourceTree = "<group>"; };
		51E2615A2153E846004F4995 /* DelegateContainerTests.swift */ = {isa = PBXFileReference; lastKnownFileType = sourcecode.swift; path = DelegateContainerTests.swift; sourceTree = "<group>"; };
/* End PBXFileReference section */

/* Begin PBXFrameworksBuildPhase section */
		515844CF214F474100DE5D94 /* Frameworks */ = {
			isa = PBXFrameworksBuildPhase;
			buildActionMask = 2147483647;
			files = (
			);
			runOnlyForDeploymentPostprocessing = 0;
		};
		515844E6214F474400DE5D94 /* Frameworks */ = {
			isa = PBXFrameworksBuildPhase;
			buildActionMask = 2147483647;
			files = (
			);
			runOnlyForDeploymentPostprocessing = 0;
		};
		515844F1214F474400DE5D94 /* Frameworks */ = {
			isa = PBXFrameworksBuildPhase;
			buildActionMask = 2147483647;
			files = (
			);
			runOnlyForDeploymentPostprocessing = 0;
		};
/* End PBXFrameworksBuildPhase section */

/* Begin PBXGroup section */
		515844C9214F474100DE5D94 = {
			isa = PBXGroup;
			children = (
				515844D4214F474100DE5D94 /* UnkoFeelings */,
				515844EC214F474400DE5D94 /* UnkoFeelingsTests */,
				515844F7214F474400DE5D94 /* UnkoFeelingsUITests */,
				515844D3214F474100DE5D94 /* Products */,
			);
			sourceTree = "<group>";
		};
		515844D3214F474100DE5D94 /* Products */ = {
			isa = PBXGroup;
			children = (
				515844D2214F474100DE5D94 /* UnkoFeelings.app */,
				515844E9214F474400DE5D94 /* UnkoFeelingsTests.xctest */,
				515844F4214F474400DE5D94 /* UnkoFeelingsUITests.xctest */,
			);
			name = Products;
			sourceTree = "<group>";
		};
		515844D4214F474100DE5D94 /* UnkoFeelings */ = {
			isa = PBXGroup;
			children = (
				515845762151206E00DE5D94 /* util */,
				51584553214FBD0700DE5D94 /* domain */,
				5158455B214FE24A00DE5D94 /* repository */,
				51584551214FB96200DE5D94 /* views */,
				515844D5214F474100DE5D94 /* AppDelegate.swift */,
				515844DF214F474300DE5D94 /* Assets.xcassets */,
				515844E1214F474300DE5D94 /* LaunchScreen.storyboard */,
				515844E4214F474300DE5D94 /* Info.plist */,
				515844DC214F474100DE5D94 /* UnkoFeelings.xcdatamodeld */,
			);
			path = UnkoFeelings;
			sourceTree = "<group>";
		};
		515844EC214F474400DE5D94 /* UnkoFeelingsTests */ = {
			isa = PBXGroup;
			children = (
				515844ED214F474400DE5D94 /* UnkoFeelingsTests.swift */,
				515844EF214F474400DE5D94 /* Info.plist */,
				51584558214FD48D00DE5D94 /* FeelingTests.swift */,
				51584564214FF19B00DE5D94 /* FeelingTimelineTests.swift */,
				5158456A2151096D00DE5D94 /* InputViewModelTests.swift */,
				51039FCC21533BB800FBF04E /* LogCellModelFactoryTests.swift */,
				51E261502153822D004F4995 /* FeelingEntityTests.swift */,
				51E2615421538EFA004F4995 /* DocumentsFeelingRepositoryTests.swift */,
				515C9B732153FB9C005ACD95 /* LogCellModelTests.swift */,
			);
			path = UnkoFeelingsTests;
			sourceTree = "<group>";
		};
		515844F7214F474400DE5D94 /* UnkoFeelingsUITests */ = {
			isa = PBXGroup;
			children = (
				515844F8214F474400DE5D94 /* UnkoFeelingsUITests.swift */,
				515844FA214F474400DE5D94 /* Info.plist */,
			);
			path = UnkoFeelingsUITests;
			sourceTree = "<group>";
		};
		51584551214FB96200DE5D94 /* views */ = {
			isa = PBXGroup;
			children = (
				515844D9214F474100DE5D94 /* Main.storyboard */,
				515844D7214F474100DE5D94 /* ViewController.swift */,
				51584552214FB99700DE5D94 /* input */,
				5158456D215118AA00DE5D94 /* log */,
			);
			path = views;
			sourceTree = "<group>";
		};
		51584552214FB99700DE5D94 /* input */ = {
			isa = PBXGroup;
			children = (
				5158454C214F85EB00DE5D94 /* Input.storyboard */,
				51584546214F845700DE5D94 /* InputViewController.swift */,
				515845662150EC6B00DE5D94 /* InputViewModel.swift */,
			);
			path = input;
			sourceTree = "<group>";
		};
		51584553214FBD0700DE5D94 /* domain */ = {
			isa = PBXGroup;
			children = (
				5174F7202152742B00BDB119 /* FeelingEntity.swift */,
				51584554214FBD1C00DE5D94 /* Feeling.swift */,
				51584556214FBDF900DE5D94 /* FeelingCondition.swift */,
				5158455C214FE29800DE5D94 /* FeelingRepository.swift */,
				51584560214FE8BA00DE5D94 /* FeelingTimeline.swift */,
				51E2615A2153E846004F4995 /* DelegateContainerTests.swift */,
			);
			path = domain;
			sourceTree = "<group>";
		};
		5158455B214FE24A00DE5D94 /* repository */ = {
			isa = PBXGroup;
			children = (
				5158455E214FE49000DE5D94 /* MemoryFeelingRepository.swift */,
				51E2615221538E51004F4995 /* DocumentsFeelingRepository.swift */,
			);
			path = repository;
			sourceTree = "<group>";
		};
		5158456D215118AA00DE5D94 /* log */ = {
			isa = PBXGroup;
			children = (
				5158454A214F855A00DE5D94 /* Log.storyboard */,
				51584548214F849000DE5D94 /* LogViewController.swift */,
				5158457121511AD400DE5D94 /* LogCell.xib */,
				5174F71A215127AD00BDB119 /* LogCell.swift */,
				515845742151200500DE5D94 /* LogCellModel.swift */,
				51039FC821533AFC00FBF04E /* LogCellModelFactory.swift */,
			);
			path = log;
			sourceTree = "<group>";
		};
		515845762151206E00DE5D94 /* util */ = {
			isa = PBXGroup;
			children = (
				515845772151207B00DE5D94 /* ViewUtil.swift */,
				5174F71C2152494400BDB119 /* DeviceService.swift */,
				51E2614E21537E4B004F4995 /* UniqueIDGenerator.swift */,
				51E261582153DCFA004F4995 /* Weak.swift */,
			);
			path = util;
			sourceTree = "<group>";
		};
/* End PBXGroup section */

/* Begin PBXNativeTarget section */
		515844D1214F474100DE5D94 /* UnkoFeelings */ = {
			isa = PBXNativeTarget;
			buildConfigurationList = 515844FD214F474400DE5D94 /* Build configuration list for PBXNativeTarget "UnkoFeelings" */;
			buildPhases = (
				515844CE214F474100DE5D94 /* Sources */,
				515844CF214F474100DE5D94 /* Frameworks */,
				515844D0214F474100DE5D94 /* Resources */,
			);
			buildRules = (
			);
			dependencies = (
			);
			name = UnkoFeelings;
			productName = UnkoFeelings;
			productReference = 515844D2214F474100DE5D94 /* UnkoFeelings.app */;
			productType = "com.apple.product-type.application";
		};
		515844E8214F474400DE5D94 /* UnkoFeelingsTests */ = {
			isa = PBXNativeTarget;
			buildConfigurationList = 51584500214F474400DE5D94 /* Build configuration list for PBXNativeTarget "UnkoFeelingsTests" */;
			buildPhases = (
				515844E5214F474400DE5D94 /* Sources */,
				515844E6214F474400DE5D94 /* Frameworks */,
				515844E7214F474400DE5D94 /* Resources */,
			);
			buildRules = (
			);
			dependencies = (
				515844EB214F474400DE5D94 /* PBXTargetDependency */,
			);
			name = UnkoFeelingsTests;
			productName = UnkoFeelingsTests;
			productReference = 515844E9214F474400DE5D94 /* UnkoFeelingsTests.xctest */;
			productType = "com.apple.product-type.bundle.unit-test";
		};
		515844F3214F474400DE5D94 /* UnkoFeelingsUITests */ = {
			isa = PBXNativeTarget;
			buildConfigurationList = 51584503214F474400DE5D94 /* Build configuration list for PBXNativeTarget "UnkoFeelingsUITests" */;
			buildPhases = (
				515844F0214F474400DE5D94 /* Sources */,
				515844F1214F474400DE5D94 /* Frameworks */,
				515844F2214F474400DE5D94 /* Resources */,
			);
			buildRules = (
			);
			dependencies = (
				515844F6214F474400DE5D94 /* PBXTargetDependency */,
			);
			name = UnkoFeelingsUITests;
			productName = UnkoFeelingsUITests;
			productReference = 515844F4214F474400DE5D94 /* UnkoFeelingsUITests.xctest */;
			productType = "com.apple.product-type.bundle.ui-testing";
		};
/* End PBXNativeTarget section */

/* Begin PBXProject section */
		515844CA214F474100DE5D94 /* Project object */ = {
			isa = PBXProject;
			attributes = {
				LastSwiftUpdateCheck = 0940;
				LastUpgradeCheck = 0940;
				ORGANIZATIONNAME = yutoji;
				TargetAttributes = {
					515844D1214F474100DE5D94 = {
						CreatedOnToolsVersion = 9.4.1;
					};
					515844E8214F474400DE5D94 = {
						CreatedOnToolsVersion = 9.4.1;
						TestTargetID = 515844D1214F474100DE5D94;
					};
					515844F3214F474400DE5D94 = {
						CreatedOnToolsVersion = 9.4.1;
						TestTargetID = 515844D1214F474100DE5D94;
					};
				};
			};
			buildConfigurationList = 515844CD214F474100DE5D94 /* Build configuration list for PBXProject "UnkoFeelings" */;
			compatibilityVersion = "Xcode 9.3";
			developmentRegion = en;
			hasScannedForEncodings = 0;
			knownRegions = (
				en,
				Base,
			);
			mainGroup = 515844C9214F474100DE5D94;
			productRefGroup = 515844D3214F474100DE5D94 /* Products */;
			projectDirPath = "";
			projectRoot = "";
			targets = (
				515844D1214F474100DE5D94 /* UnkoFeelings */,
				515844E8214F474400DE5D94 /* UnkoFeelingsTests */,
				515844F3214F474400DE5D94 /* UnkoFeelingsUITests */,
			);
		};
/* End PBXProject section */

/* Begin PBXResourcesBuildPhase section */
		515844D0214F474100DE5D94 /* Resources */ = {
			isa = PBXResourcesBuildPhase;
			buildActionMask = 2147483647;
			files = (
				515844E3214F474300DE5D94 /* LaunchScreen.storyboard in Resources */,
				515844E0214F474300DE5D94 /* Assets.xcassets in Resources */,
				5158457321511AD400DE5D94 /* LogCell.xib in Resources */,
				515844DB214F474100DE5D94 /* Main.storyboard in Resources */,
				5158454B214F855A00DE5D94 /* Log.storyboard in Resources */,
				5158454D214F85EB00DE5D94 /* Input.storyboard in Resources */,
			);
			runOnlyForDeploymentPostprocessing = 0;
		};
		515844E7214F474400DE5D94 /* Resources */ = {
			isa = PBXResourcesBuildPhase;
			buildActionMask = 2147483647;
			files = (
			);
			runOnlyForDeploymentPostprocessing = 0;
		};
		515844F2214F474400DE5D94 /* Resources */ = {
			isa = PBXResourcesBuildPhase;
			buildActionMask = 2147483647;
			files = (
			);
			runOnlyForDeploymentPostprocessing = 0;
		};
/* End PBXResourcesBuildPhase section */

/* Begin PBXSourcesBuildPhase section */
		515844CE214F474100DE5D94 /* Sources */ = {
			isa = PBXSourcesBuildPhase;
			buildActionMask = 2147483647;
			files = (
				5158455F214FE49000DE5D94 /* MemoryFeelingRepository.swift in Sources */,
				51584555214FBD1C00DE5D94 /* Feeling.swift in Sources */,
				515845752151200500DE5D94 /* LogCellModel.swift in Sources */,
				515844DE214F474100DE5D94 /* UnkoFeelings.xcdatamodeld in Sources */,
				5174F71B215127AD00BDB119 /* LogCell.swift in Sources */,
				51039FC921533AFC00FBF04E /* LogCellModelFactory.swift in Sources */,
				5174F7212152742B00BDB119 /* FeelingEntity.swift in Sources */,
				51584549214F849000DE5D94 /* LogViewController.swift in Sources */,
				51E261592153DCFA004F4995 /* Weak.swift in Sources */,
				51584547214F845700DE5D94 /* InputViewController.swift in Sources */,
				5158455D214FE29800DE5D94 /* FeelingRepository.swift in Sources */,
				515845782151207B00DE5D94 /* ViewUtil.swift in Sources */,
				51E2614F21537E4B004F4995 /* UniqueIDGenerator.swift in Sources */,
				515844D8214F474100DE5D94 /* ViewController.swift in Sources */,
				51E2615321538E51004F4995 /* DocumentsFeelingRepository.swift in Sources */,
				51584561214FE8BA00DE5D94 /* FeelingTimeline.swift in Sources */,
				515844D6214F474100DE5D94 /* AppDelegate.swift in Sources */,
				51584557214FBDF900DE5D94 /* FeelingCondition.swift in Sources */,
				515845672150EC6B00DE5D94 /* InputViewModel.swift in Sources */,
				5174F71D2152494400BDB119 /* DeviceService.swift in Sources */,
			);
			runOnlyForDeploymentPostprocessing = 0;
		};
		515844E5214F474400DE5D94 /* Sources */ = {
			isa = PBXSourcesBuildPhase;
			buildActionMask = 2147483647;
			files = (
				51E2615B2153E846004F4995 /* DelegateContainerTests.swift in Sources */,
				51584559214FD48D00DE5D94 /* FeelingTests.swift in Sources */,
				51584565214FF19B00DE5D94 /* FeelingTimelineTests.swift in Sources */,
				515844EE214F474400DE5D94 /* UnkoFeelingsTests.swift in Sources */,
				51039FCD21533BB800FBF04E /* LogCellModelFactoryTests.swift in Sources */,
				5158456B2151096D00DE5D94 /* InputViewModelTests.swift in Sources */,
				51E2615521538EFA004F4995 /* DocumentsFeelingRepositoryTests.swift in Sources */,
				51E261512153822D004F4995 /* FeelingEntityTests.swift in Sources */,
				515C9B742153FB9C005ACD95 /* LogCellModelTests.swift in Sources */,
			);
			runOnlyForDeploymentPostprocessing = 0;
		};
		515844F0214F474400DE5D94 /* Sources */ = {
			isa = PBXSourcesBuildPhase;
			buildActionMask = 2147483647;
			files = (
				515844F9214F474400DE5D94 /* UnkoFeelingsUITests.swift in Sources */,
			);
			runOnlyForDeploymentPostprocessing = 0;
		};
/* End PBXSourcesBuildPhase section */

/* Begin PBXTargetDependency section */
		515844EB214F474400DE5D94 /* PBXTargetDependency */ = {
			isa = PBXTargetDependency;
			target = 515844D1214F474100DE5D94 /* UnkoFeelings */;
			targetProxy = 515844EA214F474400DE5D94 /* PBXContainerItemProxy */;
		};
		515844F6214F474400DE5D94 /* PBXTargetDependency */ = {
			isa = PBXTargetDependency;
			target = 515844D1214F474100DE5D94 /* UnkoFeelings */;
			targetProxy = 515844F5214F474400DE5D94 /* PBXContainerItemProxy */;
		};
/* End PBXTargetDependency section */

/* Begin PBXVariantGroup section */
		515844D9214F474100DE5D94 /* Main.storyboard */ = {
			isa = PBXVariantGroup;
			children = (
				515844DA214F474100DE5D94 /* Base */,
			);
			name = Main.storyboard;
			sourceTree = "<group>";
		};
		515844E1214F474300DE5D94 /* LaunchScreen.storyboard */ = {
			isa = PBXVariantGroup;
			children = (
				515844E2214F474300DE5D94 /* Base */,
			);
			name = LaunchScreen.storyboard;
			sourceTree = "<group>";
		};
/* End PBXVariantGroup section */

/* Begin XCBuildConfiguration section */
		515844FB214F474400DE5D94 /* Debug */ = {
			isa = XCBuildConfiguration;
			buildSettings = {
				ALWAYS_SEARCH_USER_PATHS = NO;
				CLANG_ANALYZER_NONNULL = YES;
				CLANG_ANALYZER_NUMBER_OBJECT_CONVERSION = YES_AGGRESSIVE;
				CLANG_CXX_LANGUAGE_STANDARD = "gnu++14";
				CLANG_CXX_LIBRARY = "libc++";
				CLANG_ENABLE_MODULES = YES;
				CLANG_ENABLE_OBJC_ARC = YES;
				CLANG_ENABLE_OBJC_WEAK = YES;
				CLANG_WARN_BLOCK_CAPTURE_AUTORELEASING = YES;
				CLANG_WARN_BOOL_CONVERSION = YES;
				CLANG_WARN_COMMA = YES;
				CLANG_WARN_CONSTANT_CONVERSION = YES;
				CLANG_WARN_DEPRECATED_OBJC_IMPLEMENTATIONS = YES;
				CLANG_WARN_DIRECT_OBJC_ISA_USAGE = YES_ERROR;
				CLANG_WARN_DOCUMENTATION_COMMENTS = YES;
				CLANG_WARN_EMPTY_BODY = YES;
				CLANG_WARN_ENUM_CONVERSION = YES;
				CLANG_WARN_INFINITE_RECURSION = YES;
				CLANG_WARN_INT_CONVERSION = YES;
				CLANG_WARN_NON_LITERAL_NULL_CONVERSION = YES;
				CLANG_WARN_OBJC_IMPLICIT_RETAIN_SELF = YES;
				CLANG_WARN_OBJC_LITERAL_CONVERSION = YES;
				CLANG_WARN_OBJC_ROOT_CLASS = YES_ERROR;
				CLANG_WARN_RANGE_LOOP_ANALYSIS = YES;
				CLANG_WARN_STRICT_PROTOTYPES = YES;
				CLANG_WARN_SUSPICIOUS_MOVE = YES;
				CLANG_WARN_UNGUARDED_AVAILABILITY = YES_AGGRESSIVE;
				CLANG_WARN_UNREACHABLE_CODE = YES;
				CLANG_WARN__DUPLICATE_METHOD_MATCH = YES;
				CODE_SIGN_IDENTITY = "iPhone Developer";
				COPY_PHASE_STRIP = NO;
				DEBUG_INFORMATION_FORMAT = dwarf;
				ENABLE_STRICT_OBJC_MSGSEND = YES;
				ENABLE_TESTABILITY = YES;
				GCC_C_LANGUAGE_STANDARD = gnu11;
				GCC_DYNAMIC_NO_PIC = NO;
				GCC_NO_COMMON_BLOCKS = YES;
				GCC_OPTIMIZATION_LEVEL = 0;
				GCC_PREPROCESSOR_DEFINITIONS = (
					"DEBUG=1",
					"$(inherited)",
				);
				GCC_WARN_64_TO_32_BIT_CONVERSION = YES;
				GCC_WARN_ABOUT_RETURN_TYPE = YES_ERROR;
				GCC_WARN_UNDECLARED_SELECTOR = YES;
				GCC_WARN_UNINITIALIZED_AUTOS = YES_AGGRESSIVE;
				GCC_WARN_UNUSED_FUNCTION = YES;
				GCC_WARN_UNUSED_VARIABLE = YES;
				IPHONEOS_DEPLOYMENT_TARGET = 11.4;
				MTL_ENABLE_DEBUG_INFO = YES;
				ONLY_ACTIVE_ARCH = YES;
				SDKROOT = iphoneos;
				SWIFT_ACTIVE_COMPILATION_CONDITIONS = DEBUG;
				SWIFT_OPTIMIZATION_LEVEL = "-Onone";
			};
			name = Debug;
		};
		515844FC214F474400DE5D94 /* Release */ = {
			isa = XCBuildConfiguration;
			buildSettings = {
				ALWAYS_SEARCH_USER_PATHS = NO;
				CLANG_ANALYZER_NONNULL = YES;
				CLANG_ANALYZER_NUMBER_OBJECT_CONVERSION = YES_AGGRESSIVE;
				CLANG_CXX_LANGUAGE_STANDARD = "gnu++14";
				CLANG_CXX_LIBRARY = "libc++";
				CLANG_ENABLE_MODULES = YES;
				CLANG_ENABLE_OBJC_ARC = YES;
				CLANG_ENABLE_OBJC_WEAK = YES;
				CLANG_WARN_BLOCK_CAPTURE_AUTORELEASING = YES;
				CLANG_WARN_BOOL_CONVERSION = YES;
				CLANG_WARN_COMMA = YES;
				CLANG_WARN_CONSTANT_CONVERSION = YES;
				CLANG_WARN_DEPRECATED_OBJC_IMPLEMENTATIONS = YES;
				CLANG_WARN_DIRECT_OBJC_ISA_USAGE = YES_ERROR;
				CLANG_WARN_DOCUMENTATION_COMMENTS = YES;
				CLANG_WARN_EMPTY_BODY = YES;
				CLANG_WARN_ENUM_CONVERSION = YES;
				CLANG_WARN_INFINITE_RECURSION = YES;
				CLANG_WARN_INT_CONVERSION = YES;
				CLANG_WARN_NON_LITERAL_NULL_CONVERSION = YES;
				CLANG_WARN_OBJC_IMPLICIT_RETAIN_SELF = YES;
				CLANG_WARN_OBJC_LITERAL_CONVERSION = YES;
				CLANG_WARN_OBJC_ROOT_CLASS = YES_ERROR;
				CLANG_WARN_RANGE_LOOP_ANALYSIS = YES;
				CLANG_WARN_STRICT_PROTOTYPES = YES;
				CLANG_WARN_SUSPICIOUS_MOVE = YES;
				CLANG_WARN_UNGUARDED_AVAILABILITY = YES_AGGRESSIVE;
				CLANG_WARN_UNREACHABLE_CODE = YES;
				CLANG_WARN__DUPLICATE_METHOD_MATCH = YES;
				CODE_SIGN_IDENTITY = "iPhone Developer";
				COPY_PHASE_STRIP = NO;
				DEBUG_INFORMATION_FORMAT = "dwarf-with-dsym";
				ENABLE_NS_ASSERTIONS = NO;
				ENABLE_STRICT_OBJC_MSGSEND = YES;
				GCC_C_LANGUAGE_STANDARD = gnu11;
				GCC_NO_COMMON_BLOCKS = YES;
				GCC_WARN_64_TO_32_BIT_CONVERSION = YES;
				GCC_WARN_ABOUT_RETURN_TYPE = YES_ERROR;
				GCC_WARN_UNDECLARED_SELECTOR = YES;
				GCC_WARN_UNINITIALIZED_AUTOS = YES_AGGRESSIVE;
				GCC_WARN_UNUSED_FUNCTION = YES;
				GCC_WARN_UNUSED_VARIABLE = YES;
				IPHONEOS_DEPLOYMENT_TARGET = 11.4;
				MTL_ENABLE_DEBUG_INFO = NO;
				SDKROOT = iphoneos;
				SWIFT_COMPILATION_MODE = wholemodule;
				SWIFT_OPTIMIZATION_LEVEL = "-O";
				VALIDATE_PRODUCT = YES;
			};
			name = Release;
		};
		515844FE214F474400DE5D94 /* Debug */ = {
			isa = XCBuildConfiguration;
			buildSettings = {
				ASSETCATALOG_COMPILER_APPICON_NAME = AppIcon;
				CODE_SIGN_STYLE = Automatic;
				INFOPLIST_FILE = UnkoFeelings/Info.plist;
				LD_RUNPATH_SEARCH_PATHS = (
					"$(inherited)",
					"@executable_path/Frameworks",
				);
				PRODUCT_BUNDLE_IDENTIFIER = jp.hateblo.yutoji.UnkoFeelings;
				PRODUCT_NAME = "$(TARGET_NAME)";
				SWIFT_VERSION = 4.0;
				TARGETED_DEVICE_FAMILY = "1,2";
			};
			name = Debug;
		};
		515844FF214F474400DE5D94 /* Release */ = {
			isa = XCBuildConfiguration;
			buildSettings = {
				ASSETCATALOG_COMPILER_APPICON_NAME = AppIcon;
				CODE_SIGN_STYLE = Automatic;
				INFOPLIST_FILE = UnkoFeelings/Info.plist;
				LD_RUNPATH_SEARCH_PATHS = (
					"$(inherited)",
					"@executable_path/Frameworks",
				);
				PRODUCT_BUNDLE_IDENTIFIER = jp.hateblo.yutoji.UnkoFeelings;
				PRODUCT_NAME = "$(TARGET_NAME)";
				SWIFT_VERSION = 4.0;
				TARGETED_DEVICE_FAMILY = "1,2";
			};
			name = Release;
		};
		51584501214F474400DE5D94 /* Debug */ = {
			isa = XCBuildConfiguration;
			buildSettings = {
				ALWAYS_EMBED_SWIFT_STANDARD_LIBRARIES = YES;
				BUNDLE_LOADER = "$(TEST_HOST)";
				CODE_SIGN_STYLE = Automatic;
				INFOPLIST_FILE = UnkoFeelingsTests/Info.plist;
				LD_RUNPATH_SEARCH_PATHS = (
					"$(inherited)",
					"@executable_path/Frameworks",
					"@loader_path/Frameworks",
				);
				PRODUCT_BUNDLE_IDENTIFIER = jp.hateblo.yutoji.UnkoFeelingsTests;
				PRODUCT_NAME = "$(TARGET_NAME)";
				SWIFT_VERSION = 4.0;
				TARGETED_DEVICE_FAMILY = "1,2";
				TEST_HOST = "$(BUILT_PRODUCTS_DIR)/UnkoFeelings.app/UnkoFeelings";
			};
			name = Debug;
		};
		51584502214F474400DE5D94 /* Release */ = {
			isa = XCBuildConfiguration;
			buildSettings = {
				ALWAYS_EMBED_SWIFT_STANDARD_LIBRARIES = YES;
				BUNDLE_LOADER = "$(TEST_HOST)";
				CODE_SIGN_STYLE = Automatic;
				INFOPLIST_FILE = UnkoFeelingsTests/Info.plist;
				LD_RUNPATH_SEARCH_PATHS = (
					"$(inherited)",
					"@executable_path/Frameworks",
					"@loader_path/Frameworks",
				);
				PRODUCT_BUNDLE_IDENTIFIER = jp.hateblo.yutoji.UnkoFeelingsTests;
				PRODUCT_NAME = "$(TARGET_NAME)";
				SWIFT_VERSION = 4.0;
				TARGETED_DEVICE_FAMILY = "1,2";
				TEST_HOST = "$(BUILT_PRODUCTS_DIR)/UnkoFeelings.app/UnkoFeelings";
			};
			name = Release;
		};
		51584504214F474400DE5D94 /* Debug */ = {
			isa = XCBuildConfiguration;
			buildSettings = {
				ALWAYS_EMBED_SWIFT_STANDARD_LIBRARIES = YES;
				CODE_SIGN_STYLE = Automatic;
				INFOPLIST_FILE = UnkoFeelingsUITests/Info.plist;
				LD_RUNPATH_SEARCH_PATHS = (
					"$(inherited)",
					"@executable_path/Frameworks",
					"@loader_path/Frameworks",
				);
				PRODUCT_BUNDLE_IDENTIFIER = jp.hateblo.yutoji.UnkoFeelingsUITests;
				PRODUCT_NAME = "$(TARGET_NAME)";
				SWIFT_VERSION = 4.0;
				TARGETED_DEVICE_FAMILY = "1,2";
				TEST_TARGET_NAME = UnkoFeelings;
			};
			name = Debug;
		};
		51584505214F474400DE5D94 /* Release */ = {
			isa = XCBuildConfiguration;
			buildSettings = {
				ALWAYS_EMBED_SWIFT_STANDARD_LIBRARIES = YES;
				CODE_SIGN_STYLE = Automatic;
				INFOPLIST_FILE = UnkoFeelingsUITests/Info.plist;
				LD_RUNPATH_SEARCH_PATHS = (
					"$(inherited)",
					"@executable_path/Frameworks",
					"@loader_path/Frameworks",
				);
				PRODUCT_BUNDLE_IDENTIFIER = jp.hateblo.yutoji.UnkoFeelingsUITests;
				PRODUCT_NAME = "$(TARGET_NAME)";
				SWIFT_VERSION = 4.0;
				TARGETED_DEVICE_FAMILY = "1,2";
				TEST_TARGET_NAME = UnkoFeelings;
			};
			name = Release;
		};
/* End XCBuildConfiguration section */

/* Begin XCConfigurationList section */
		515844CD214F474100DE5D94 /* Build configuration list for PBXProject "UnkoFeelings" */ = {
			isa = XCConfigurationList;
			buildConfigurations = (
				515844FB214F474400DE5D94 /* Debug */,
				515844FC214F474400DE5D94 /* Release */,
			);
			defaultConfigurationIsVisible = 0;
			defaultConfigurationName = Release;
		};
		515844FD214F474400DE5D94 /* Build configuration list for PBXNativeTarget "UnkoFeelings" */ = {
			isa = XCConfigurationList;
			buildConfigurations = (
				515844FE214F474400DE5D94 /* Debug */,
				515844FF214F474400DE5D94 /* Release */,
			);
			defaultConfigurationIsVisible = 0;
			defaultConfigurationName = Release;
		};
		51584500214F474400DE5D94 /* Build configuration list for PBXNativeTarget "UnkoFeelingsTests" */ = {
			isa = XCConfigurationList;
			buildConfigurations = (
				51584501214F474400DE5D94 /* Debug */,
				51584502214F474400DE5D94 /* Release */,
			);
			defaultConfigurationIsVisible = 0;
			defaultConfigurationName = Release;
		};
		51584503214F474400DE5D94 /* Build configuration list for PBXNativeTarget "UnkoFeelingsUITests" */ = {
			isa = XCConfigurationList;
			buildConfigurations = (
				51584504214F474400DE5D94 /* Debug */,
				51584505214F474400DE5D94 /* Release */,
			);
			defaultConfigurationIsVisible = 0;
			defaultConfigurationName = Release;
		};
/* End XCConfigurationList section */

/* Begin XCVersionGroup section */
		515844DC214F474100DE5D94 /* UnkoFeelings.xcdatamodeld */ = {
			isa = XCVersionGroup;
			children = (
				515844DD214F474100DE5D94 /* UnkoFeelings.xcdatamodel */,
			);
			currentVersion = 515844DD214F474100DE5D94 /* UnkoFeelings.xcdatamodel */;
			path = UnkoFeelings.xcdatamodeld;
			sourceTree = "<group>";
			versionGroupType = wrapper.xcdatamodel;
		};
/* End XCVersionGroup section */
	};
	rootObject = 515844CA214F474100DE5D94 /* Project object */;
}
